
Microsoft Visual Studio Solution File, Format Version 12.00
Project("{FAE04EC0-301F-11D3-BF4B-00C04F79EFBC}") = "demoWeb", "demoWeb\demoWeb.csproj", "{79DDAEEB-7201-4733-966A-2C92353D0BEF}"
EndProject
Global
	GlobalSection(SolutionConfigurationPlatforms) = preSolution
		Debug|Any CPU = Debug|Any CPU
		Release|Any CPU = Release|Any CPU
	EndGlobalSection
	GlobalSection(ProjectConfigurationPlatforms) = postSolution
		{79DDAEEB-7201-4733-966A-2C92353D0BEF}.Debug|Any CPU.ActiveCfg = Debug|Any CPU
		{79DDAEEB-7201-4733-966A-2C92353D0BEF}.Debug|Any CPU.Build.0 = Debug|Any CPU
		{79DDAEEB-7201-4733-966A-2C92353D0BEF}.Release|Any CPU.ActiveCfg = Release|Any CPU
		{79DDAEEB-7201-4733-966A-2C92353D0BEF}.Release|Any CPU.Build.0 = Release|Any CPU
	EndGlobalSection
EndGlobal
